github.com/vimcoders/go-driver v0.0.0-20210728024430-d7b90e8a9f25 h1:gdpUQZIsRLRk0UV8/u5x7YD7xkbbnYGdxIXOFm3hri0=
github.com/vimcoders/go-driver v0.0.0-20210728024430-d7b90e8a9f25/go.mod h1:CDhsZTQG/Y4gNhJsPx1ZZL2qf6l9KJsAA4jseJycP1w=
github.com/vimcoders/go-lib v0.0.0-20210717024757-5222964fd2eb h1:3vR/LClcsm0MYFmXkXphGVZTwD0Ix6XAi42mZE5z9xU=
github.com/vimcoders/go-lib v0.0.0-20210717024757-5222964fd2eb/go.mod h1:e7etvtC9UddLyyymWCIQiBku1UI5fcxe3x/QK3cxBYE=
