github.com/fatih/color v1.12.0 h1:mRhaKNwANqRgUBGKmnI5ZxEk7QXmjQeCcuYFMX2bfcc=
github.com/fatih/color v1.12.0/go.mod h1:ELkj/draVOlAH/xkhN6mQ50Qd0MPOk5AAr3maGEBuJM=
github.com/jessevdk/go-flags v1.5.0 h1:1jKYvbxEjfUl0fmqTCOfonvskHHXMjBySTLW4y9LFvc=
github.com/jessevdk/go-flags v1.5.0/go.mod h1:Fw0T6WPc1dYxT4mKEZRfG5kJhaTDP9pj1c2EWnYs/m4=
github.com/mattn/go-colorable v0.1.8 h1:c1ghPdyEDarC70ftn0y+A/Ee++9zz8ljHG1b13eJ0s8=
github.com/mattn/go-colorable v0.1.8/go.mod h1:u6P/XSegPjTcexA+o6vUJrdnUu04hMope9wVRipJSqc=
github.com/mattn/go-isatty v0.0.12 h1:wuysRhFDzyxgEmMf5xjvJ2M9dZoWAXNNr5LSBS7uHXY=
github.com/mattn/go-isatty v0.0.12/go.mod h1:cbi8OIDigv2wuxKPP5vlRcQ1OAZbq2CE4Kysco4FUpU=
github.com/uber/go-torch v0.0.0-20181107071353-86f327cc820e h1:jV0Y58RWaOMT3i5foW2YoEKlaN6biewBtngFwAfEwQ0=
github.com/uber/go-torch v0.0.0-20181107071353-86f327cc820e/go.mod h1:uuMPbyv6WJykZcarrIuJiTjfSGC997/jnfHyyeeG2Jo=
github.com/vimcoders/go-driver v0.0.0-20210715145453-633548a16fae h1:azaohYXA4gsnoS4Qm8r8+xNxeJvapSlrgGeFGshPgzw=
github.com/vimcoders/go-driver v0.0.0-20210715145453-633548a16fae/go.mod h1:CDhsZTQG/Y4gNhJsPx1ZZL2qf6l9KJsAA4jseJycP1w=
github.com/vimcoders/go-lib v0.0.0-20210717024757-5222964fd2eb h1:3vR/LClcsm0MYFmXkXphGVZTwD0Ix6XAi42mZE5z9xU=
github.com/vimcoders/go-lib v0.0.0-20210717024757-5222964fd2eb/go.mod h1:e7etvtC9UddLyyymWCIQiBku1UI5fcxe3x/QK3cxBYE=
golang.org/x/sys v0.0.0-20200116001909-b77594299b42/go.mod h1:h1NjWce9XRLGQEsW7wpKNCjG9DtNlClVuFLEZdDNbEs=
golang.org/x/sys v0.0.0-20200223170610-d5e6a3e2c0ae/go.mod h1:h1NjWce9XRLGQEsW7wpKNCjG9DtNlClVuFLEZdDNbEs=
golang.org/x/sys v0.0.0-20210320140829-1e4c9ba3b0c4 h1:EZ2mChiOa8udjfp6rRmswTbtZN/QzUQp4ptM4rnjHvc=
golang.org/x/sys v0.0.0-20210320140829-1e4c9ba3b0c4/go.mod h1:h1NjWce9XRLGQEsW7wpKNCjG9DtNlClVuFLEZdDNbEs=
